// !$*UTF8*$!
{
	archiveVersion = 1;
	classes = {
	};
	objectVersion = 48;
	objects = {

/* Begin PBXBuildFile section */
		0B01EBEFCDD1FA4469DF909B /* libPods-STTabbarController.a in Frameworks */ = {isa = PBXBuildFile; fileRef = 344D14128BF17201C5AF512E /* libPods-STTabbarController.a */; };
		A804B3611FED0352005368E9 /* AppDelegate.m in Sources */ = {isa = PBXBuildFile; fileRef = A804B3331FED0351005368E9 /* AppDelegate.m */; };
		A804B3621FED0352005368E9 /* Assets.xcassets in Resources */ = {isa = PBXBuildFile; fileRef = A804B3341FED0351005368E9 /* Assets.xcassets */; };
		A804B3631FED0352005368E9 /* LaunchScreen.storyboard in Resources */ = {isa = PBXBuildFile; fileRef = A804B3351FED0351005368E9 /* LaunchScreen.storyboard */; };
		A804B3641FED0352005368E9 /* Info.plist in Resources */ = {isa = PBXBuildFile; fileRef = A804B3371FED0351005368E9 /* Info.plist */; };
		A804B3651FED0352005368E9 /* main.m in Sources */ = {isa = PBXBuildFile; fileRef = A804B3381FED0351005368E9 /* main.m */; };
		A804B36D1FED0352005368E9 /* ViewController.m in Sources */ = {isa = PBXBuildFile; fileRef = A804B3491FED0351005368E9 /* ViewController.m */; };
		A804B36E1FED0352005368E9 /* ViewController1.m in Sources */ = {isa = PBXBuildFile; fileRef = A804B34B1FED0351005368E9 /* ViewController1.m */; };
		A804B36F1FED0352005368E9 /* ViewController2.m in Sources */ = {isa = PBXBuildFile; fileRef = A804B34D1FED0351005368E9 /* ViewController2.m */; };
		A804B3701FED0352005368E9 /* ViewController3.m in Sources */ = {isa = PBXBuildFile; fileRef = A804B34F1FED0351005368E9 /* ViewController3.m */; };
		A804B3711FED0352005368E9 /* ViewController4.m in Sources */ = {isa = PBXBuildFile; fileRef = A804B3511FED0351005368E9 /* ViewController4.m */; };
/* End PBXBuildFile section */

/* Begin PBXFileReference section */
		344D14128BF17201C5AF512E /* libPods-STTabbarController.a */ = {isa = PBXFileReference; explicitFileType = archive.ar; includeInIndex = 0; path = "libPods-STTabbarController.a"; sourceTree = BUILT_PRODUCTS_DIR; };
		68D773982FF4E87BC3596E5B /* Pods-STTabbarController.debug.xcconfig */ = {isa = PBXFileReference; includeInIndex = 1; lastKnownFileType = text.xcconfig; name = "Pods-STTabbarController.debug.xcconfig"; path = "Pods/Target Support Files/Pods-STTabbarController/Pods-STTabbarController.debug.xcconfig"; sourceTree = "<group>"; };
		A804B3321FED0351005368E9 /* AppDelegate.h */ = {isa = PBXFileReference; fileEncoding = 4; lastKnownFileType = sourcecode.c.h; path = AppDelegate.h; sourceTree = "<group>"; };
		A804B3331FED0351005368E9 /* AppDelegate.m */ = {isa = PBXFileReference; fileEncoding = 4; lastKnownFileType = sourcecode.c.objc; path = AppDelegate.m; sourceTree = "<group>"; };
		A804B3341FED0351005368E9 /* Assets.xcassets */ = {isa = PBXFileReference; lastKnownFileType = folder.assetcatalog; path = Assets.xcassets; sourceTree = "<group>"; };
		A804B3361FED0351005368E9 /* Base */ = {isa = PBXFileReference; lastKnownFileType = file.storyboard; name = Base; path = Base.lproj/LaunchScreen.storyboard; sourceTree = "<group>"; };
		A804B3371FED0351005368E9 /* Info.plist */ = {isa = PBXFileReference; fileEncoding = 4; lastKnownFileType = text.plist.xml; path = Info.plist; sourceTree = "<group>"; };
		A804B3381FED0351005368E9 /* main.m */ = {isa = PBXFileReference; fileEncoding = 4; lastKnownFileType = sourcecode.c.objc; path = main.m; sourceTree = "<group>"; };
		A804B3481FED0351005368E9 /* ViewController.h */ = {isa = PBXFileReference; fileEncoding = 4; lastKnownFileType = sourcecode.c.h; path = ViewController.h; sourceTree = "<group>"; };
		A804B3491FED0351005368E9 /* ViewController.m */ = {isa = PBXFileReference; fileEncoding = 4; lastKnownFileType = sourcecode.c.objc; path = ViewController.m; sourceTree = "<group>"; };
		A804B34A1FED0351005368E9 /* ViewController1.h */ = {isa = PBXFileReference; fileEncoding = 4; lastKnownFileType = sourcecode.c.h; path = ViewController1.h; sourceTree = "<group>"; };
		A804B34B1FED0351005368E9 /* ViewController1.m */ = {isa = PBXFileReference; fileEncoding = 4; lastKnownFileType = sourcecode.c.objc; path = ViewController1.m; sourceTree = "<group>"; };
		A804B34C1FED0351005368E9 /* ViewController2.h */ = {isa = PBXFileReference; fileEncoding = 4; lastKnownFileType = sourcecode.c.h; path = ViewController2.h; sourceTree = "<group>"; };
		A804B34D1FED0351005368E9 /* ViewController2.m */ = {isa = PBXFileReference; fileEncoding = 4; lastKnownFileType = sourcecode.c.objc; path = ViewController2.m; sourceTree = "<group>"; };
		A804B34E1FED0351005368E9 /* ViewController3.h */ = {isa = PBXFileReference; fileEncoding = 4; lastKnownFileType = sourcecode.c.h; path = ViewController3.h; sourceTree = "<group>"; };
		A804B34F1FED0351005368E9 /* ViewController3.m */ = {isa = PBXFileReference; fileEncoding = 4; lastKnownFileType = sourcecode.c.objc; path = ViewController3.m; sourceTree = "<group>"; };
		A804B3501FED0351005368E9 /* ViewController4.h */ = {isa = PBXFileReference; fileEncoding = 4; lastKnownFileType = sourcecode.c.h; path = ViewController4.h; sourceTree = "<group>"; };
		A804B3511FED0351005368E9 /* ViewController4.m */ = {isa = PBXFileReference; fileEncoding = 4; lastKnownFileType = sourcecode.c.objc; path = ViewController4.m; sourceTree = "<group>"; };
		A83F7C431FEA684B00EB5623 /* STTabbarController.app */ = {isa = PBXFileReference; explicitFileType = wrapper.application; includeInIndex = 0; path = STTabbarController.app; sourceTree = BUILT_PRODUCTS_DIR; };
		DF281343225266947E730481 /* Pods-STTabbarController.release.xcconfig */ = {isa = PBXFileReference; includeInIndex = 1; lastKnownFileType = text.xcconfig; name = "Pods-STTabbarController.release.xcconfig"; path = "Pods/Target Support Files/Pods-STTabbarController/Pods-STTabbarController.release.xcconfig"; sourceTree = "<group>"; };
/* End PBXFileReference section */

/* Begin PBXFrameworksBuildPhase section */
		A83F7C401FEA684B00EB5623 /* Frameworks */ = {
			isa = PBXFrameworksBuildPhase;
			buildActionMask = 2147483647;
			files = (
				0B01EBEFCDD1FA4469DF909B /* libPods-STTabbarController.a in Frameworks */,
			);
			runOnlyForDeploymentPostprocessing = 0;
		};
/* End PBXFrameworksBuildPhase section */

/* Begin PBXGroup section */
		3F38D6EA03885D001E08846E /* Pods */ = {
			isa = PBXGroup;
			children = (
				68D773982FF4E87BC3596E5B /* Pods-STTabbarController.debug.xcconfig */,
				DF281343225266947E730481 /* Pods-STTabbarController.release.xcconfig */,
			);
			name = Pods;
			sourceTree = "<group>";
		};
		5EC86673DA31181119736CE0 /* Frameworks */ = {
			isa = PBXGroup;
			children = (
				344D14128BF17201C5AF512E /* libPods-STTabbarController.a */,
			);
			name = Frameworks;
			sourceTree = "<group>";
		};
		A804B3301FED0351005368E9 /* STTabbarControllerDemo */ = {
			isa = PBXGroup;
			children = (
				A804B3311FED0351005368E9 /* STTabbarController */,
			);
			path = STTabbarControllerDemo;
			sourceTree = SOURCE_ROOT;
		};
		A804B3311FED0351005368E9 /* STTabbarController */ = {
			isa = PBXGroup;
			children = (
				A804B3321FED0351005368E9 /* AppDelegate.h */,
				A804B3331FED0351005368E9 /* AppDelegate.m */,
				A804B3341FED0351005368E9 /* Assets.xcassets */,
				A804B3351FED0351005368E9 /* LaunchScreen.storyboard */,
				A804B3371FED0351005368E9 /* Info.plist */,
				A804B3381FED0351005368E9 /* main.m */,
				A804B3481FED0351005368E9 /* ViewController.h */,
				A804B3491FED0351005368E9 /* ViewController.m */,
				A804B34A1FED0351005368E9 /* ViewController1.h */,
				A804B34B1FED0351005368E9 /* ViewController1.m */,
				A804B34C1FED0351005368E9 /* ViewController2.h */,
				A804B34D1FED0351005368E9 /* ViewController2.m */,
				A804B34E1FED0351005368E9 /* ViewController3.h */,
				A804B34F1FED0351005368E9 /* ViewController3.m */,
				A804B3501FED0351005368E9 /* ViewController4.h */,
				A804B3511FED0351005368E9 /* ViewController4.m */,
			);
			path = STTabbarController;
			sourceTree = "<group>";
		};
		A83F7C3A1FEA684B00EB5623 = {
			isa = PBXGroup;
			children = (
				A83F7C451FEA684B00EB5623 /* STTabbarController */,
				A83F7C441FEA684B00EB5623 /* Products */,
				3F38D6EA03885D001E08846E /* Pods */,
				5EC86673DA31181119736CE0 /* Frameworks */,
			);
			sourceTree = "<group>";
		};
		A83F7C441FEA684B00EB5623 /* Products */ = {
			isa = PBXGroup;
			children = (
				A83F7C431FEA684B00EB5623 /* STTabbarController.app */,
			);
			name = Products;
			sourceTree = "<group>";
		};
		A83F7C451FEA684B00EB5623 /* STTabbarController */ = {
			isa = PBXGroup;
			children = (
				A804B3301FED0351005368E9 /* STTabbarControllerDemo */,
			);
			path = STTabbarController;
			sourceTree = "<group>";
		};
/* End PBXGroup section */

/* Begin PBXNativeTarget section */
		A83F7C421FEA684B00EB5623 /* STTabbarController */ = {
			isa = PBXNativeTarget;
			buildConfigurationList = A83F7C591FEA684C00EB5623 /* Build configuration list for PBXNativeTarget "STTabbarController" */;
			buildPhases = (
				6EC4B432DC88AD44A3274434 /* [CP] Check Pods Manifest.lock */,
				A83F7C3F1FEA684B00EB5623 /* Sources */,
				A83F7C401FEA684B00EB5623 /* Frameworks */,
				A83F7C411FEA684B00EB5623 /* Resources */,
				6A7522E2B516720662B0E3B9 /* [CP] Embed Pods Frameworks */,
				008B37AEB28BE34DBE2BD78C /* [CP] Copy Pods Resources */,
			);
			buildRules = (
			);
			dependencies = (
			);
			name = STTabbarController;
			productName = STTabbarController;
			productReference = A83F7C431FEA684B00EB5623 /* STTabbarController.app */;
			productType = "com.apple.product-type.application";
		};
/* End PBXNativeTarget section */

/* Begin PBXProject section */
		A83F7C3B1FEA684B00EB5623 /* Project object */ = {
			isa = PBXProject;
			attributes = {
				LastUpgradeCheck = 0910;
				ORGANIZATIONNAME = Suning;
				TargetAttributes = {
					A83F7C421FEA684B00EB5623 = {
						CreatedOnToolsVersion = 9.1;
						ProvisioningStyle = Automatic;
					};
				};
			};
			buildConfigurationList = A83F7C3E1FEA684B00EB5623 /* Build configuration list for PBXProject "STTabbarController" */;
			compatibilityVersion = "Xcode 8.0";
			developmentRegion = en;
			hasScannedForEncodings = 0;
			knownRegions = (
				en,
				Base,
			);
			mainGroup = A83F7C3A1FEA684B00EB5623;
			productRefGroup = A83F7C441FEA684B00EB5623 /* Products */;
			projectDirPath = "";
			projectRoot = "";
			targets = (
				A83F7C421FEA684B00EB5623 /* STTabbarController */,
			);
		};
/* End PBXProject section */

/* Begin PBXResourcesBuildPhase section */
		A83F7C411FEA684B00EB5623 /* Resources */ = {
			isa = PBXResourcesBuildPhase;
			buildActionMask = 2147483647;
			files = (
				A804B3641FED0352005368E9 /* Info.plist in Resources */,
				A804B3631FED0352005368E9 /* LaunchScreen.storyboard in Resources */,
				A804B3621FED0352005368E9 /* Assets.xcassets in Resources */,
			);
			runOnlyForDeploymentPostprocessing = 0;
		};
/* End PBXResourcesBuildPhase section */

/* Begin PBXShellScriptBuildPhase section */
		008B37AEB28BE34DBE2BD78C /* [CP] Copy Pods Resources */ = {
			isa = PBXShellScriptBuildPhase;
			buildActionMask = 2147483647;
			files = (
			);
			inputPaths = (
			);
			name = "[CP] Copy Pods Resources";
			outputPaths = (
			);
			runOnlyForDeploymentPostprocessing = 0;
			shellPath = /bin/sh;
			shellScript = "\"${SRCROOT}/Pods/Target Support Files/Pods-STTabbarController/Pods-STTabbarController-resources.sh\"\n";
			showEnvVarsInLog = 0;
		};
		6A7522E2B516720662B0E3B9 /* [CP] Embed Pods Frameworks */ = {
			isa = PBXShellScriptBuildPhase;
			buildActionMask = 2147483647;
			files = (
			);
			inputPaths = (
			);
			name = "[CP] Embed Pods Frameworks";
			outputPaths = (
			);
			runOnlyForDeploymentPostprocessing = 0;
			shellPath = /bin/sh;
			shellScript = "\"${SRCROOT}/Pods/Target Support Files/Pods-STTabbarController/Pods-STTabbarController-frameworks.sh\"\n";
			showEnvVarsInLog = 0;
		};
		6EC4B432DC88AD44A3274434 /* [CP] Check Pods Manifest.lock */ = {
			isa = PBXShellScriptBuildPhase;
			buildActionMask = 2147483647;
			files = (
			);
			inputPaths = (
				"${PODS_PODFILE_DIR_PATH}/Podfile.lock",
				"${PODS_ROOT}/Manifest.lock",
			);
			name = "[CP] Check Pods Manifest.lock";
			outputPaths = (
				"$(DERIVED_FILE_DIR)/Pods-STTabbarController-checkManifestLockResult.txt",
			);
			runOnlyForDeploymentPostprocessing = 0;
			shellPath = /bin/sh;
			shellScript = "diff \"${PODS_PODFILE_DIR_PATH}/Podfile.lock\" \"${PODS_ROOT}/Manifest.lock\" > /dev/null\nif [ $? != 0 ] ; then\n    # print error to STDERR\n    echo \"error: The sandbox is not in sync with the Podfile.lock. Run 'pod install' or update your CocoaPods installation.\" >&2\n    exit 1\nfi\n# This output is used by Xcode 'outputs' to avoid re-running this script phase.\necho \"SUCCESS\" > \"${SCRIPT_OUTPUT_FILE_0}\"\n";
			showEnvVarsInLog = 0;
		};
/* End PBXShellScriptBuildPhase section */

/* Begin PBXSourcesBuildPhase section */
		A83F7C3F1FEA684B00EB5623 /* Sources */ = {
			isa = PBXSourcesBuildPhase;
			buildActionMask = 2147483647;
			files = (
				A804B3651FED0352005368E9 /* main.m in Sources */,
				A804B36D1FED0352005368E9 /* ViewController.m in Sources */,
				A804B3711FED0352005368E9 /* ViewController4.m in Sources */,
				A804B36F1FED0352005368E9 /* ViewController2.m in Sources */,
				A804B36E1FED0352005368E9 /* ViewController1.m in Sources */,
				A804B3611FED0352005368E9 /* AppDelegate.m in Sources */,
				A804B3701FED0352005368E9 /* ViewController3.m in Sources */,
			);
			runOnlyForDeploymentPostprocessing = 0;
		};
/* End PBXSourcesBuildPhase section */

/* Begin PBXVariantGroup section */
		A804B3351FED0351005368E9 /* LaunchScreen.storyboard */ = {
			isa = PBXVariantGroup;
			children = (
				A804B3361FED0351005368E9 /* Base */,
			);
			name = LaunchScreen.storyboard;
			sourceTree = "<group>";
		};
/* End PBXVariantGroup section */

/* Begin XCBuildConfiguration section */
		A83F7C571FEA684C00EB5623 /* Debug */ = {
			isa = XCBuildConfiguration;
			buildSettings = {
				ALWAYS_SEARCH_USER_PATHS = NO;
				CLANG_ANALYZER_NONNULL = YES;
				CLANG_ANALYZER_NUMBER_OBJECT_CONVERSION = YES_AGGRESSIVE;
				CLANG_CXX_LANGUAGE_STANDARD = "gnu++14";
				CLANG_CXX_LIBRARY = "libc++";
				CLANG_ENABLE_MODULES = YES;
				CLANG_ENABLE_OBJC_ARC = YES;
				CLANG_WARN_BLOCK_CAPTURE_AUTORELEASING = YES;
				CLANG_WARN_BOOL_CONVERSION = YES;
				CLANG_WARN_COMMA = YES;
				CLANG_WARN_CONSTANT_CONVERSION = YES;
				CLANG_WARN_DIRECT_OBJC_ISA_USAGE = YES_ERROR;
				CLANG_WARN_DOCUMENTATION_COMMENTS = YES;
				CLANG_WARN_EMPTY_BODY = YES;
				CLANG_WARN_ENUM_CONVERSION = YES;
				CLANG_WARN_INFINITE_RECURSION = YES;
				CLANG_WARN_INT_CONVERSION = YES;
				CLANG_WARN_NON_LITERAL_NULL_CONVERSION = YES;
				CLANG_WARN_OBJC_LITERAL_CONVERSION = YES;
				CLANG_WARN_OBJC_ROOT_CLASS = YES_ERROR;
				CLANG_WARN_RANGE_LOOP_ANALYSIS = YES;
				CLANG_WARN_STRICT_PROTOTYPES = YES;
				CLANG_WARN_SUSPICIOUS_MOVE = YES;
				CLANG_WARN_UNGUARDED_AVAILABILITY = YES_AGGRESSIVE;
				CLANG_WARN_UNREACHABLE_CODE = YES;
				CLANG_WARN__DUPLICATE_METHOD_MATCH = YES;
				CODE_SIGN_IDENTITY = "iPhone Developer";
				COPY_PHASE_STRIP = NO;
				DEBUG_INFORMATION_FORMAT = dwarf;
				ENABLE_STRICT_OBJC_MSGSEND = YES;
				ENABLE_TESTABILITY = YES;
				GCC_C_LANGUAGE_STANDARD = gnu11;
				GCC_DYNAMIC_NO_PIC = NO;
				GCC_NO_COMMON_BLOCKS = YES;
				GCC_OPTIMIZATION_LEVEL = 0;
				GCC_PREPROCESSOR_DEFINITIONS = (
					"DEBUG=1",
					"$(inherited)",
				);
				GCC_WARN_64_TO_32_BIT_CONVERSION = YES;
				GCC_WARN_ABOUT_RETURN_TYPE = YES_ERROR;
				GCC_WARN_UNDECLARED_SELECTOR = YES;
				GCC_WARN_UNINITIALIZED_AUTOS = YES_AGGRESSIVE;
				GCC_WARN_UNUSED_FUNCTION = YES;
				GCC_WARN_UNUSED_VARIABLE = YES;
				IPHONEOS_DEPLOYMENT_TARGET = 11.1;
				MTL_ENABLE_DEBUG_INFO = YES;
				ONLY_ACTIVE_ARCH = YES;
				SDKROOT = iphoneos;
			};
			name = Debug;
		};
		A83F7C581FEA684C00EB5623 /* Release */ = {
			isa = XCBuildConfiguration;
			buildSettings = {
				ALWAYS_SEARCH_USER_PATHS = NO;
				CLANG_ANALYZER_NONNULL = YES;
				CLANG_ANALYZER_NUMBER_OBJECT_CONVERSION = YES_AGGRESSIVE;
				CLANG_CXX_LANGUAGE_STANDARD = "gnu++14";
				CLANG_CXX_LIBRARY = "libc++";
				CLANG_ENABLE_MODULES = YES;
				CLANG_ENABLE_OBJC_ARC = YES;
				CLANG_WARN_BLOCK_CAPTURE_AUTORELEASING = YES;
				CLANG_WARN_BOOL_CONVERSION = YES;
				CLANG_WARN_COMMA = YES;
				CLANG_WARN_CONSTANT_CONVERSION = YES;
				CLANG_WARN_DIRECT_OBJC_ISA_USAGE = YES_ERROR;
				CLANG_WARN_DOCUMENTATION_COMMENTS = YES;
				CLANG_WARN_EMPTY_BODY = YES;
				CLANG_WARN_ENUM_CONVERSION = YES;
				CLANG_WARN_INFINITE_RECURSION = YES;
				CLANG_WARN_INT_CONVERSION = YES;
				CLANG_WARN_NON_LITERAL_NULL_CONVERSION = YES;
				CLANG_WARN_OBJC_LITERAL_CONVERSION = YES;
				CLANG_WARN_OBJC_ROOT_CLASS = YES_ERROR;
				CLANG_WARN_RANGE_LOOP_ANALYSIS = YES;
				CLANG_WARN_STRICT_PROTOTYPES = YES;
				CLANG_WARN_SUSPICIOUS_MOVE = YES;
				CLANG_WARN_UNGUARDED_AVAILABILITY = YES_AGGRESSIVE;
				CLANG_WARN_UNREACHABLE_CODE = YES;
				CLANG_WARN__DUPLICATE_METHOD_MATCH = YES;
				CODE_SIGN_IDENTITY = "iPhone Developer";
				COPY_PHASE_STRIP = NO;
				DEBUG_INFORMATION_FORMAT = "dwarf-with-dsym";
				ENABLE_NS_ASSERTIONS = NO;
				ENABLE_STRICT_OBJC_MSGSEND = YES;
				GCC_C_LANGUAGE_STANDARD = gnu11;
				GCC_NO_COMMON_BLOCKS = YES;
				GCC_WARN_64_TO_32_BIT_CONVERSION = YES;
				GCC_WARN_ABOUT_RETURN_TYPE = YES_ERROR;
				GCC_WARN_UNDECLARED_SELECTOR = YES;
				GCC_WARN_UNINITIALIZED_AUTOS = YES_AGGRESSIVE;
				GCC_WARN_UNUSED_FUNCTION = YES;
				GCC_WARN_UNUSED_VARIABLE = YES;
				IPHONEOS_DEPLOYMENT_TARGET = 11.1;
				MTL_ENABLE_DEBUG_INFO = NO;
				SDKROOT = iphoneos;
				VALIDATE_PRODUCT = YES;
			};
			name = Release;
		};
		A83F7C5A1FEA684C00EB5623 /* Debug */ = {
			isa = XCBuildConfiguration;
			baseConfigurationReference = 68D773982FF4E87BC3596E5B /* Pods-STTabbarController.debug.xcconfig */;
			buildSettings = {
				ASSETCATALOG_COMPILER_APPICON_NAME = AppIcon;
				CODE_SIGN_STYLE = Automatic;
				INFOPLIST_FILE = "$(SRCROOT)/STTabbarControllerDemo/STTabbarController/Info.plist";
				LD_RUNPATH_SEARCH_PATHS = "$(inherited) @executable_path/Frameworks";
				PRODUCT_BUNDLE_IDENTIFIER = Suning.STTabbarController;
				PRODUCT_NAME = "$(TARGET_NAME)";
				TARGETED_DEVICE_FAMILY = "1,2";
			};
			name = Debug;
		};
		A83F7C5B1FEA684C00EB5623 /* Release */ = {
			isa = XCBuildConfiguration;
			baseConfigurationReference = DF281343225266947E730481 /* Pods-STTabbarController.release.xcconfig */;
			buildSettings = {
				ASSETCATALOG_COMPILER_APPICON_NAME = AppIcon;
				CODE_SIGN_STYLE = Automatic;
				INFOPLIST_FILE = "$(SRCROOT)/STTabbarControllerDemo/STTabbarController/Info.plist";
				LD_RUNPATH_SEARCH_PATHS = "$(inherited) @executable_path/Frameworks";
				PRODUCT_BUNDLE_IDENTIFIER = Suning.STTabbarController;
				PRODUCT_NAME = "$(TARGET_NAME)";
				TARGETED_DEVICE_FAMILY = "1,2";
			};
			name = Release;
		};
/* End XCBuildConfiguration section */

/* Begin XCConfigurationList section */
		A83F7C3E1FEA684B00EB5623 /* Build configuration list for PBXProject "STTabbarController" */ = {
			isa = XCConfigurationList;
			buildConfigurations = (
				A83F7C571FEA684C00EB5623 /* Debug */,
				A83F7C581FEA684C00EB5623 /* Release */,
			);
			defaultConfigurationIsVisible = 0;
			defaultConfigurationName = Release;
		};
		A83F7C591FEA684C00EB5623 /* Build configuration list for PBXNativeTarget "STTabbarController" */ = {
			isa = XCConfigurationList;
			buildConfigurations = (
				A83F7C5A1FEA684C00EB5623 /* Debug */,
				A83F7C5B1FEA684C00EB5623 /* Release */,
			);
			defaultConfigurationIsVisible = 0;
			defaultConfigurationName = Release;
		};
/* End XCConfigurationList section */
	};
	rootObject = A83F7C3B1FEA684B00EB5623 /* Project object */;
}
